
Microsoft Visual Studio Solution File, Format Version 12.00
# Visual Studio Version 17
VisualStudioVersion = 17.14.36429.23
MinimumVisualStudioVersion = 10.0.40219.1
Project("{FAE04EC0-301F-11D3-BF4B-00C04F79EFBC}") = "Carpooling.API", "Carpooling.API.csproj", "{81B43D4F-8DEC-490F-807C-3A3181546520}"
EndProject
Project("{FAE04EC0-301F-11D3-BF4B-00C04F79EFBC}") = "Carpooling.Domain", "..\Carpooling.Domain\Carpooling.Domain.csproj", "{4A4E3D0E-35AC-4ABD-8DCE-A755F0FBF315}"
EndProject
Project("{FAE04EC0-301F-11D3-BF4B-00C04F79EFBC}") = "Carpooling.Application", "..\Carpooling.Application\Carpooling.Application.csproj", "{C3B13534-B009-4760-A29B-6F219887196C}"
EndProject
Project("{FAE04EC0-301F-11D3-BF4B-00C04F79EFBC}") = "Carpooling.Infrastructure", "..\Carpooling.Infrastructure\Carpooling.Infrastructure.csproj", "{F37DAADE-1F59-4FEE-8BD5-117A6092F92C}"
EndProject
Project("{FAE04EC0-301F-11D3-BF4B-00C04F79EFBC}") = "Carpooling.Worker", "..\Carpooling.Worker\Carpooling.Worker.csproj", "{CCAC73E8-F5C3-4558-BAB7-C5642EC5B329}"
EndProject
Project("{FAE04EC0-301F-11D3-BF4B-00C04F79EFBC}") = "Carpooling.Tests", "..\Carpooling.Tests\Carpooling.Tests.csproj", "{4493982E-E349-4D48-8299-59385B101A44}"
EndProject
Global
	GlobalSection(SolutionConfigurationPlatforms) = preSolution
		Debug|Any CPU = Debug|Any CPU
		Release|Any CPU = Release|Any CPU
	EndGlobalSection
	GlobalSection(ProjectConfigurationPlatforms) = postSolution
		{81B43D4F-8DEC-490F-807C-3A3181546520}.Debug|Any CPU.ActiveCfg = Debug|Any CPU
		{81B43D4F-8DEC-490F-807C-3A3181546520}.Debug|Any CPU.Build.0 = Debug|Any CPU
		{81B43D4F-8DEC-490F-807C-3A3181546520}.Release|Any CPU.ActiveCfg = Release|Any CPU
		{81B43D4F-8DEC-490F-807C-3A3181546520}.Release|Any CPU.Build.0 = Release|Any CPU
		{4A4E3D0E-35AC-4ABD-8DCE-A755F0FBF315}.Debug|Any CPU.ActiveCfg = Debug|Any CPU
		{4A4E3D0E-35AC-4ABD-8DCE-A755F0FBF315}.Debug|Any CPU.Build.0 = Debug|Any CPU
		{4A4E3D0E-35AC-4ABD-8DCE-A755F0FBF315}.Release|Any CPU.ActiveCfg = Release|Any CPU
		{4A4E3D0E-35AC-4ABD-8DCE-A755F0FBF315}.Release|Any CPU.Build.0 = Release|Any CPU
		{C3B13534-B009-4760-A29B-6F219887196C}.Debug|Any CPU.ActiveCfg = Debug|Any CPU
		{C3B13534-B009-4760-A29B-6F219887196C}.Debug|Any CPU.Build.0 = Debug|Any CPU
		{C3B13534-B009-4760-A29B-6F219887196C}.Release|Any CPU.ActiveCfg = Release|Any CPU
		{C3B13534-B009-4760-A29B-6F219887196C}.Release|Any CPU.Build.0 = Release|Any CPU
		{F37DAADE-1F59-4FEE-8BD5-117A6092F92C}.Debug|Any CPU.ActiveCfg = Debug|Any CPU
		{F37DAADE-1F59-4FEE-8BD5-117A6092F92C}.Debug|Any CPU.Build.0 = Debug|Any CPU
		{F37DAADE-1F59-4FEE-8BD5-117A6092F92C}.Release|Any CPU.ActiveCfg = Release|Any CPU
		{F37DAADE-1F59-4FEE-8BD5-117A6092F92C}.Release|Any CPU.Build.0 = Release|Any CPU
		{CCAC73E8-F5C3-4558-BAB7-C5642EC5B329}.Debug|Any CPU.ActiveCfg = Debug|Any CPU
		{CCAC73E8-F5C3-4558-BAB7-C5642EC5B329}.Debug|Any CPU.Build.0 = Debug|Any CPU
		{CCAC73E8-F5C3-4558-BAB7-C5642EC5B329}.Release|Any CPU.ActiveCfg = Release|Any CPU
		{CCAC73E8-F5C3-4558-BAB7-C5642EC5B329}.Release|Any CPU.Build.0 = Release|Any CPU
		{4493982E-E349-4D48-8299-59385B101A44}.Debug|Any CPU.ActiveCfg = Debug|Any CPU
		{4493982E-E349-4D48-8299-59385B101A44}.Debug|Any CPU.Build.0 = Debug|Any CPU
		{4493982E-E349-4D48-8299-59385B101A44}.Release|Any CPU.ActiveCfg = Release|Any CPU
		{4493982E-E349-4D48-8299-59385B101A44}.Release|Any CPU.Build.0 = Release|Any CPU
	EndGlobalSection
	GlobalSection(SolutionProperties) = preSolution
		HideSolutionNode = FALSE
	EndGlobalSection
	GlobalSection(ExtensibilityGlobals) = postSolution
		SolutionGuid = {FAF7441C-B8AF-4FC8-A299-FE8DB57DD008}
	EndGlobalSection
EndGlobal
